
Microsoft Visual Studio Solution File, Format Version 12.00
# Visual Studio Version 18
VisualStudioVersion = 18.1.11304.174 d18.0
MinimumVisualStudioVersion = 10.0.40219.1
Project("{FAE04EC0-301F-11D3-BF4B-00C04F79EFBC}") = "LudiekeActieISP", "LudiekeActieISP\LudiekeActieISP.csproj", "{CBE3C9F5-298E-4BFC-BA82-DD218E605B6E}"
EndProject
Project("{FAE04EC0-301F-11D3-BF4B-00C04F79EFBC}") = "Logic", "Logic\Logic.csproj", "{DA91558A-E6A5-4E96-BC42-AA678F6D94AD}"
EndProject
Global
	GlobalSection(SolutionConfigurationPlatforms) = preSolution
		Debug|Any CPU = Debug|Any CPU
		Release|Any CPU = Release|Any CPU
	EndGlobalSection
	GlobalSection(ProjectConfigurationPlatforms) = postSolution
		{CBE3C9F5-298E-4BFC-BA82-DD218E605B6E}.Debug|Any CPU.ActiveCfg = Debug|Any CPU
		{CBE3C9F5-298E-4BFC-BA82-DD218E605B6E}.Debug|Any CPU.Build.0 = Debug|Any CPU
		{CBE3C9F5-298E-4BFC-BA82-DD218E605B6E}.Debug|Any CPU.Deploy.0 = Debug|Any CPU
		{CBE3C9F5-298E-4BFC-BA82-DD218E605B6E}.Release|Any CPU.ActiveCfg = Release|Any CPU
		{CBE3C9F5-298E-4BFC-BA82-DD218E605B6E}.Release|Any CPU.Build.0 = Release|Any CPU
		{CBE3C9F5-298E-4BFC-BA82-DD218E605B6E}.Release|Any CPU.Deploy.0 = Release|Any CPU
		{8C823C04-518D-7F5D-DC1B-2C502C583C95}.Debug|Any CPU.ActiveCfg = Debug|Any CPU
		{8C823C04-518D-7F5D-DC1B-2C502C583C95}.Debug|Any CPU.Build.0 = Debug|Any CPU
		{8C823C04-518D-7F5D-DC1B-2C502C583C95}.Release|Any CPU.ActiveCfg = Release|Any CPU
		{8C823C04-518D-7F5D-DC1B-2C502C583C95}.Release|Any CPU.Build.0 = Release|Any CPU
		{DA91558A-E6A5-4E96-BC42-AA678F6D94AD}.Debug|Any CPU.ActiveCfg = Debug|Any CPU
		{DA91558A-E6A5-4E96-BC42-AA678F6D94AD}.Debug|Any CPU.Build.0 = Debug|Any CPU
		{DA91558A-E6A5-4E96-BC42-AA678F6D94AD}.Release|Any CPU.ActiveCfg = Release|Any CPU
		{DA91558A-E6A5-4E96-BC42-AA678F6D94AD}.Release|Any CPU.Build.0 = Release|Any CPU
	EndGlobalSection
	GlobalSection(SolutionProperties) = preSolution
		HideSolutionNode = FALSE
	EndGlobalSection
	GlobalSection(ExtensibilityGlobals) = postSolution
		SolutionGuid = {E833E7A8-D3D8-44B6-BDD5-DCA80E4F7F9B}
	EndGlobalSection
EndGlobal
